
Microsoft Visual Studio Solution File, Format Version 12.00
# Visual Studio Version 16
VisualStudioVersion = 16.0.29613.14
MinimumVisualStudioVersion = 10.0.40219.1
Project("{FAE04EC0-301F-11D3-BF4B-00C04F79EFBC}") = "WebApplication1", "WebApplication1\WebApplication1.csproj", "{8BFB8780-14BD-462C-A195-D558B8A5FEEB}"
EndProject
Global
	GlobalSection(SolutionConfigurationPlatforms) = preSolution
		Debug|Any CPU = Debug|Any CPU
		Release|Any CPU = Release|Any CPU
	EndGlobalSection
	GlobalSection(ProjectConfigurationPlatforms) = postSolution
		{8BFB8780-14BD-462C-A195-D558B8A5FEEB}.Debug|Any CPU.ActiveCfg = Debug|Any CPU
		{8BFB8780-14BD-462C-A195-D558B8A5FEEB}.Debug|Any CPU.Build.0 = Debug|Any CPU
		{8BFB8780-14BD-462C-A195-D558B8A5FEEB}.Release|Any CPU.ActiveCfg = Release|Any CPU
		{8BFB8780-14BD-462C-A195-D558B8A5FEEB}.Release|Any CPU.Build.0 = Release|Any CPU
	EndGlobalSection
	GlobalSection(SolutionProperties) = preSolution
		HideSolutionNode = FALSE
	EndGlobalSection
	GlobalSection(ExtensibilityGlobals) = postSolution
		SolutionGuid = {3A4C3A15-BE68-484B-A762-180B44359504}
	EndGlobalSection
EndGlobal
